
Microsoft Visual Studio Solution File, Format Version 12.00
# Visual Studio 14
VisualStudioVersion = 14.0.23107.0
MinimumVisualStudioVersion = 10.0.40219.1
Project("{FAE04EC0-301F-11D3-BF4B-00C04F79EFBC}") = "Arcomp", "Arcomp\Arcomp.csproj", "{7AA74FCB-8638-49B8-A4E8-A0F7D1304A82}"
EndProject
Project("{FAE04EC0-301F-11D3-BF4B-00C04F79EFBC}") = "ArchiveCompare", "ArchiveCompare\ArchiveCompare.csproj", "{8C0DAA56-BA98-4610-A7E0-BA8A4A5BCAED}"
EndProject
Global
	GlobalSection(SolutionConfigurationPlatforms) = preSolution
		Debug|Any CPU = Debug|Any CPU
		Release|Any CPU = Release|Any CPU
	EndGlobalSection
	GlobalSection(ProjectConfigurationPlatforms) = postSolution
		{7AA74FCB-8638-49B8-A4E8-A0F7D1304A82}.Debug|Any CPU.ActiveCfg = Debug|Any CPU
		{7AA74FCB-8638-49B8-A4E8-A0F7D1304A82}.Debug|Any CPU.Build.0 = Debug|Any CPU
		{7AA74FCB-8638-49B8-A4E8-A0F7D1304A82}.Release|Any CPU.ActiveCfg = Release|Any CPU
		{7AA74FCB-8638-49B8-A4E8-A0F7D1304A82}.Release|Any CPU.Build.0 = Release|Any CPU
		{8C0DAA56-BA98-4610-A7E0-BA8A4A5BCAED}.Debug|Any CPU.ActiveCfg = Debug|Any CPU
		{8C0DAA56-BA98-4610-A7E0-BA8A4A5BCAED}.Debug|Any CPU.Build.0 = Debug|Any CPU
		{8C0DAA56-BA98-4610-A7E0-BA8A4A5BCAED}.Release|Any CPU.ActiveCfg = Release|Any CPU
		{8C0DAA56-BA98-4610-A7E0-BA8A4A5BCAED}.Release|Any CPU.Build.0 = Release|Any CPU
	EndGlobalSection
	GlobalSection(SolutionProperties) = preSolution
		HideSolutionNode = FALSE
	EndGlobalSection
EndGlobal
